
Microsoft Visual Studio Solution File, Format Version 12.00
# Visual Studio Version 17
VisualStudioVersion = 17.8.34309.116
MinimumVisualStudioVersion = 10.0.40219.1
Project("{FAE04EC0-301F-11D3-BF4B-00C04F79EFBC}") = "CityInfo.API", "CityInfo.API\CityInfo.API.csproj", "{AE0A8440-3108-44D2-B030-AEC16582865C}"
EndProject
Global
	GlobalSection(SolutionConfigurationPlatforms) = preSolution
		Debug|Any CPU = Debug|Any CPU
		Release|Any CPU = Release|Any CPU
	EndGlobalSection
	GlobalSection(ProjectConfigurationPlatforms) = postSolution
		{AE0A8440-3108-44D2-B030-AEC16582865C}.Debug|Any CPU.ActiveCfg = Debug|Any CPU
		{AE0A8440-3108-44D2-B030-AEC16582865C}.Debug|Any CPU.Build.0 = Debug|Any CPU
		{AE0A8440-3108-44D2-B030-AEC16582865C}.Release|Any CPU.ActiveCfg = Release|Any CPU
		{AE0A8440-3108-44D2-B030-AEC16582865C}.Release|Any CPU.Build.0 = Release|Any CPU
	EndGlobalSection
	GlobalSection(SolutionProperties) = preSolution
		HideSolutionNode = FALSE
	EndGlobalSection
	GlobalSection(ExtensibilityGlobals) = postSolution
		SolutionGuid = {7909C714-7FDC-4644-BD2A-6C29A9CB5F6A}
	EndGlobalSection
EndGlobal
